
Microsoft Visual Studio Solution File, Format Version 12.00
# Visual Studio Version 16
VisualStudioVersion = 16.0.29409.12
MinimumVisualStudioVersion = 10.0.40219.1
Project("{8BC9CEB8-8B4A-11D0-8D11-00A0C91BC942}") = "lab10", "lab10\lab10.vcxproj", "{EA888960-CA53-4B3E-9ED7-636A937D81FA}"
EndProject
Global
	GlobalSection(SolutionConfigurationPlatforms) = preSolution
		Debug|x64 = Debug|x64
		Debug|x86 = Debug|x86
		Release|x64 = Release|x64
		Release|x86 = Release|x86
	EndGlobalSection
	GlobalSection(ProjectConfigurationPlatforms) = postSolution
		{EA888960-CA53-4B3E-9ED7-636A937D81FA}.Debug|x64.ActiveCfg = Debug|x64
		{EA888960-CA53-4B3E-9ED7-636A937D81FA}.Debug|x64.Build.0 = Debug|x64
		{EA888960-CA53-4B3E-9ED7-636A937D81FA}.Debug|x86.ActiveCfg = Debug|Win32
		{EA888960-CA53-4B3E-9ED7-636A937D81FA}.Debug|x86.Build.0 = Debug|Win32
		{EA888960-CA53-4B3E-9ED7-636A937D81FA}.Release|x64.ActiveCfg = Release|x64
		{EA888960-CA53-4B3E-9ED7-636A937D81FA}.Release|x64.Build.0 = Release|x64
		{EA888960-CA53-4B3E-9ED7-636A937D81FA}.Release|x86.ActiveCfg = Release|Win32
		{EA888960-CA53-4B3E-9ED7-636A937D81FA}.Release|x86.Build.0 = Release|Win32
	EndGlobalSection
	GlobalSection(SolutionProperties) = preSolution
		HideSolutionNode = FALSE
	EndGlobalSection
	GlobalSection(ExtensibilityGlobals) = postSolution
		SolutionGuid = {584AD133-F396-49DF-889A-60D98FBB883C}
	EndGlobalSection
EndGlobal
